// !$*UTF8*$!
{
	archiveVersion = 1;
	classes = {
	};
	objectVersion = 46;
	objects = {

/* Begin PBXBuildFile section */
		BAB826241E33C05100FAD6A8 /* AppDelegate.swift in Sources */ = {isa = PBXBuildFile; fileRef = BAB826231E33C05100FAD6A8 /* AppDelegate.swift */; };
		BAB826261E33C05100FAD6A8 /* ViewController.swift in Sources */ = {isa = PBXBuildFile; fileRef = BAB826251E33C05100FAD6A8 /* ViewController.swift */; };
		BAB826291E33C05100FAD6A8 /* Main.storyboard in Resources */ = {isa = PBXBuildFile; fileRef = BAB826271E33C05100FAD6A8 /* Main.storyboard */; };
		BAB8262B1E33C05100FAD6A8 /* Assets.xcassets in Resources */ = {isa = PBXBuildFile; fileRef = BAB8262A1E33C05100FAD6A8 /* Assets.xcassets */; };
		BAB8262E1E33C05100FAD6A8 /* LaunchScreen.storyboard in Resources */ = {isa = PBXBuildFile; fileRef = BAB8262C1E33C05100FAD6A8 /* LaunchScreen.storyboard */; };
		BAB826361E354D0700FAD6A8 /* CalculatorBrain.swift in Sources */ = {isa = PBXBuildFile; fileRef = BAB826351E354D0700FAD6A8 /* CalculatorBrain.swift */; };
/* End PBXBuildFile section */

/* Begin PBXFileReference section */
		BAB826201E33C05100FAD6A8 /* Calculator.app */ = {isa = PBXFileReference; explicitFileType = wrapper.application; includeInIndex = 0; path = Calculator.app; sourceTree = BUILT_PRODUCTS_DIR; };
		BAB826231E33C05100FAD6A8 /* AppDelegate.swift */ = {isa = PBXFileReference; lastKnownFileType = sourcecode.swift; path = AppDelegate.swift; sourceTree = "<group>"; };
		BAB826251E33C05100FAD6A8 /* ViewController.swift */ = {isa = PBXFileReference; lastKnownFileType = sourcecode.swift; path = ViewController.swift; sourceTree = "<group>"; };
		BAB826281E33C05100FAD6A8 /* Base */ = {isa = PBXFileReference; lastKnownFileType = file.storyboard; name = Base; path = Base.lproj/Main.storyboard; sourceTree = "<group>"; };
		BAB8262A1E33C05100FAD6A8 /* Assets.xcassets */ = {isa = PBXFileReference; lastKnownFileType = folder.assetcatalog; path = Assets.xcassets; sourceTree = "<group>"; };
		BAB8262D1E33C05100FAD6A8 /* Base */ = {isa = PBXFileReference; lastKnownFileType = file.storyboard; name = Base; path = Base.lproj/LaunchScreen.storyboard; sourceTree = "<group>"; };
		BAB8262F1E33C05100FAD6A8 /* Info.plist */ = {isa = PBXFileReference; lastKnownFileType = text.plist.xml; path = Info.plist; sourceTree = "<group>"; };
		BAB826351E354D0700FAD6A8 /* CalculatorBrain.swift */ = {isa = PBXFileReference; fileEncoding = 4; lastKnownFileType = sourcecode.swift; path = CalculatorBrain.swift; sourceTree = SOURCE_ROOT; };
/* End PBXFileReference section */

/* Begin PBXFrameworksBuildPhase section */
		BAB8261D1E33C05000FAD6A8 /* Frameworks */ = {
			isa = PBXFrameworksBuildPhase;
			buildActionMask = 2147483647;
			files = (
			);
			runOnlyForDeploymentPostprocessing = 0;
		};
/* End PBXFrameworksBuildPhase section */

/* Begin PBXGroup section */
		BAB826171E33C05000FAD6A8 = {
			isa = PBXGroup;
			children = (
				BAB826221E33C05100FAD6A8 /* Calculator */,
				BAB826211E33C05100FAD6A8 /* Products */,
			);
			sourceTree = "<group>";
		};
		BAB826211E33C05100FAD6A8 /* Products */ = {
			isa = PBXGroup;
			children = (
				BAB826201E33C05100FAD6A8 /* Calculator.app */,
			);
			name = Products;
			sourceTree = "<group>";
		};
		BAB826221E33C05100FAD6A8 /* Calculator */ = {
			isa = PBXGroup;
			children = (
				BAB826351E354D0700FAD6A8 /* CalculatorBrain.swift */,
				BAB826231E33C05100FAD6A8 /* AppDelegate.swift */,
				BAB826251E33C05100FAD6A8 /* ViewController.swift */,
				BAB826271E33C05100FAD6A8 /* Main.storyboard */,
				BAB8262A1E33C05100FAD6A8 /* Assets.xcassets */,
				BAB8262C1E33C05100FAD6A8 /* LaunchScreen.storyboard */,
				BAB8262F1E33C05100FAD6A8 /* Info.plist */,
			);
			path = Calculator;
			sourceTree = "<group>";
		};
/* End PBXGroup section */

/* Begin PBXNativeTarget section */
		BAB8261F1E33C05000FAD6A8 /* Calculator */ = {
			isa = PBXNativeTarget;
			buildConfigurationList = BAB826321E33C05100FAD6A8 /* Build configuration list for PBXNativeTarget "Calculator" */;
			buildPhases = (
				BAB8261C1E33C05000FAD6A8 /* Sources */,
				BAB8261D1E33C05000FAD6A8 /* Frameworks */,
				BAB8261E1E33C05000FAD6A8 /* Resources */,
			);
			buildRules = (
			);
			dependencies = (
			);
			name = Calculator;
			productName = Calculator;
			productReference = BAB826201E33C05100FAD6A8 /* Calculator.app */;
			productType = "com.apple.product-type.application";
		};
/* End PBXNativeTarget section */

/* Begin PBXProject section */
		BAB826181E33C05000FAD6A8 /* Project object */ = {
			isa = PBXProject;
			attributes = {
				LastSwiftUpdateCheck = 0820;
				LastUpgradeCheck = 0820;
				ORGANIZATIONNAME = shalai;
				TargetAttributes = {
					BAB8261F1E33C05000FAD6A8 = {
						CreatedOnToolsVersion = 8.2.1;
						DevelopmentTeam = T968CB326T;
						ProvisioningStyle = Automatic;
					};
				};
			};
			buildConfigurationList = BAB8261B1E33C05000FAD6A8 /* Build configuration list for PBXProject "Calculator" */;
			compatibilityVersion = "Xcode 3.2";
			developmentRegion = English;
			hasScannedForEncodings = 0;
			knownRegions = (
				en,
				Base,
			);
			mainGroup = BAB826171E33C05000FAD6A8;
			productRefGroup = BAB826211E33C05100FAD6A8 /* Products */;
			projectDirPath = "";
			projectRoot = "";
			targets = (
				BAB8261F1E33C05000FAD6A8 /* Calculator */,
			);
		};
/* End PBXProject section */

/* Begin PBXResourcesBuildPhase section */
		BAB8261E1E33C05000FAD6A8 /* Resources */ = {
			isa = PBXResourcesBuildPhase;
			buildActionMask = 2147483647;
			files = (
				BAB8262E1E33C05100FAD6A8 /* LaunchScreen.storyboard in Resources */,
				BAB8262B1E33C05100FAD6A8 /* Assets.xcassets in Resources */,
				BAB826291E33C05100FAD6A8 /* Main.storyboard in Resources */,
			);
			runOnlyForDeploymentPostprocessing = 0;
		};
/* End PBXResourcesBuildPhase section */

/* Begin PBXSourcesBuildPhase section */
		BAB8261C1E33C05000FAD6A8 /* Sources */ = {
			isa = PBXSourcesBuildPhase;
			buildActionMask = 2147483647;
			files = (
				BAB826361E354D0700FAD6A8 /* CalculatorBrain.swift in Sources */,
				BAB826261E33C05100FAD6A8 /* ViewController.swift in Sources */,
				BAB826241E33C05100FAD6A8 /* AppDelegate.swift in Sources */,
			);
			runOnlyForDeploymentPostprocessing = 0;
		};
/* End PBXSourcesBuildPhase section */

/* Begin PBXVariantGroup section */
		BAB826271E33C05100FAD6A8 /* Main.storyboard */ = {
			isa = PBXVariantGroup;
			children = (
				BAB826281E33C05100FAD6A8 /* Base */,
			);
			name = Main.storyboard;
			sourceTree = "<group>";
		};
		BAB8262C1E33C05100FAD6A8 /* LaunchScreen.storyboard */ = {
			isa = PBXVariantGroup;
			children = (
				BAB8262D1E33C05100FAD6A8 /* Base */,
			);
			name = LaunchScreen.storyboard;
			sourceTree = "<group>";
		};
/* End PBXVariantGroup section */

/* Begin XCBuildConfiguration section */
		BAB826301E33C05100FAD6A8 /* Debug */ = {
			isa = XCBuildConfiguration;
			buildSettings = {
				ALWAYS_SEARCH_USER_PATHS = NO;
				CLANG_ANALYZER_NONNULL = YES;
				CLANG_CXX_LANGUAGE_STANDARD = "gnu++0x";
				CLANG_CXX_LIBRARY = "libc++";
				CLANG_ENABLE_MODULES = YES;
				CLANG_ENABLE_OBJC_ARC = YES;
				CLANG_WARN_BOOL_CONVERSION = YES;
				CLANG_WARN_CONSTANT_CONVERSION = YES;
				CLANG_WARN_DIRECT_OBJC_ISA_USAGE = YES_ERROR;
				CLANG_WARN_DOCUMENTATION_COMMENTS = YES;
				CLANG_WARN_EMPTY_BODY = YES;
				CLANG_WARN_ENUM_CONVERSION = YES;
				CLANG_WARN_INFINITE_RECURSION = YES;
				CLANG_WARN_INT_CONVERSION = YES;
				CLANG_WARN_OBJC_ROOT_CLASS = YES_ERROR;
				CLANG_WARN_SUSPICIOUS_MOVE = YES;
				CLANG_WARN_UNREACHABLE_CODE = YES;
				CLANG_WARN__DUPLICATE_METHOD_MATCH = YES;
				"CODE_SIGN_IDENTITY[sdk=iphoneos*]" = "iPhone Developer";
				COPY_PHASE_STRIP = NO;
				DEBUG_INFORMATION_FORMAT = dwarf;
				ENABLE_STRICT_OBJC_MSGSEND = YES;
				ENABLE_TESTABILITY = YES;
				GCC_C_LANGUAGE_STANDARD = gnu99;
				GCC_DYNAMIC_NO_PIC = NO;
				GCC_NO_COMMON_BLOCKS = YES;
				GCC_OPTIMIZATION_LEVEL = 0;
				GCC_PREPROCESSOR_DEFINITIONS = (
					"DEBUG=1",
					"$(inherited)",
				);
				GCC_WARN_64_TO_32_BIT_CONVERSION = YES;
				GCC_WARN_ABOUT_RETURN_TYPE = YES_ERROR;
				GCC_WARN_UNDECLARED_SELECTOR = YES;
				GCC_WARN_UNINITIALIZED_AUTOS = YES_AGGRESSIVE;
				GCC_WARN_UNUSED_FUNCTION = YES;
				GCC_WARN_UNUSED_VARIABLE = YES;
				IPHONEOS_DEPLOYMENT_TARGET = 10.2;
				MTL_ENABLE_DEBUG_INFO = YES;
				ONLY_ACTIVE_ARCH = YES;
				SDKROOT = iphoneos;
				SWIFT_ACTIVE_COMPILATION_CONDITIONS = DEBUG;
				SWIFT_OPTIMIZATION_LEVEL = "-Onone";
				TARGETED_DEVICE_FAMILY = "1,2";
			};
			name = Debug;
		};
		BAB826311E33C05100FAD6A8 /* Release */ = {
			isa = XCBuildConfiguration;
			buildSettings = {
				ALWAYS_SEARCH_USER_PATHS = NO;
				CLANG_ANALYZER_NONNULL = YES;
				CLANG_CXX_LANGUAGE_STANDARD = "gnu++0x";
				CLANG_CXX_LIBRARY = "libc++";
				CLANG_ENABLE_MODULES = YES;
				CLANG_ENABLE_OBJC_ARC = YES;
				CLANG_WARN_BOOL_CONVERSION = YES;
				CLANG_WARN_CONSTANT_CONVERSION = YES;
				CLANG_WARN_DIRECT_OBJC_ISA_USAGE = YES_ERROR;
				CLANG_WARN_DOCUMENTATION_COMMENTS = YES;
				CLANG_WARN_EMPTY_BODY = YES;
				CLANG_WARN_ENUM_CONVERSION = YES;
				CLANG_WARN_INFINITE_RECURSION = YES;
				CLANG_WARN_INT_CONVERSION = YES;
				CLANG_WARN_OBJC_ROOT_CLASS = YES_ERROR;
				CLANG_WARN_SUSPICIOUS_MOVE = YES;
				CLANG_WARN_UNREACHABLE_CODE = YES;
				CLANG_WARN__DUPLICATE_METHOD_MATCH = YES;
				"CODE_SIGN_IDENTITY[sdk=iphoneos*]" = "iPhone Developer";
				COPY_PHASE_STRIP = NO;
				DEBUG_INFORMATION_FORMAT = "dwarf-with-dsym";
				ENABLE_NS_ASSERTIONS = NO;
				ENABLE_STRICT_OBJC_MSGSEND = YES;
				GCC_C_LANGUAGE_STANDARD = gnu99;
				GCC_NO_COMMON_BLOCKS = YES;
				GCC_WARN_64_TO_32_BIT_CONVERSION = YES;
				GCC_WARN_ABOUT_RETURN_TYPE = YES_ERROR;
				GCC_WARN_UNDECLARED_SELECTOR = YES;
				GCC_WARN_UNINITIALIZED_AUTOS = YES_AGGRESSIVE;
				GCC_WARN_UNUSED_FUNCTION = YES;
				GCC_WARN_UNUSED_VARIABLE = YES;
				IPHONEOS_DEPLOYMENT_TARGET = 10.2;
				MTL_ENABLE_DEBUG_INFO = NO;
				SDKROOT = iphoneos;
				SWIFT_OPTIMIZATION_LEVEL = "-Owholemodule";
				TARGETED_DEVICE_FAMILY = "1,2";
				VALIDATE_PRODUCT = YES;
			};
			name = Release;
		};
		BAB826331E33C05100FAD6A8 /* Debug */ = {
			isa = XCBuildConfiguration;
			buildSettings = {
				ASSETCATALOG_COMPILER_APPICON_NAME = AppIcon;
				DEVELOPMENT_TEAM = T968CB326T;
				INFOPLIST_FILE = Calculator/Info.plist;
				LD_RUNPATH_SEARCH_PATHS = "$(inherited) @executable_path/Frameworks";
				PRODUCT_BUNDLE_IDENTIFIER = jenny.shalai.nyc.Calculator;
				PRODUCT_NAME = "$(TARGET_NAME)";
				SWIFT_VERSION = 3.0;
			};
			name = Debug;
		};
		BAB826341E33C05100FAD6A8 /* Release */ = {
			isa = XCBuildConfiguration;
			buildSettings = {
				ASSETCATALOG_COMPILER_APPICON_NAME = AppIcon;
				DEVELOPMENT_TEAM = T968CB326T;
				INFOPLIST_FILE = Calculator/Info.plist;
				LD_RUNPATH_SEARCH_PATHS = "$(inherited) @executable_path/Frameworks";
				PRODUCT_BUNDLE_IDENTIFIER = jenny.shalai.nyc.Calculator;
				PRODUCT_NAME = "$(TARGET_NAME)";
				SWIFT_VERSION = 3.0;
			};
			name = Release;
		};
/* End XCBuildConfiguration section */

/* Begin XCConfigurationList section */
		BAB8261B1E33C05000FAD6A8 /* Build configuration list for PBXProject "Calculator" */ = {
			isa = XCConfigurationList;
			buildConfigurations = (
				BAB826301E33C05100FAD6A8 /* Debug */,
				BAB826311E33C05100FAD6A8 /* Release */,
			);
			defaultConfigurationIsVisible = 0;
			defaultConfigurationName = Release;
		};
		BAB826321E33C05100FAD6A8 /* Build configuration list for PBXNativeTarget "Calculator" */ = {
			isa = XCConfigurationList;
			buildConfigurations = (
				BAB826331E33C05100FAD6A8 /* Debug */,
				BAB826341E33C05100FAD6A8 /* Release */,
			);
			defaultConfigurationIsVisible = 0;
			defaultConfigurationName = Release;
		};
/* End XCConfigurationList section */
	};
	rootObject = BAB826181E33C05000FAD6A8 /* Project object */;
}
